# This file is automatically @generated by Cargo.
# It is not intended for manual editing.
[[package]]
name = "typed-arena"
version = "1.5.0"
source = "registry+https://github.com/rust-lang/crates.io-index"

[[package]]
name = "untitled"
version = "0.1.0"
dependencies = [
 "typed-arena 1.5.0 (registry+https://github.com/rust-lang/crates.io-index)",
]

[metadata]
"checksum typed-arena 1.5.0 (registry+https://github.com/rust-lang/crates.io-index)" = "7f70f5c346cc11bc044ae427ab2feae213350dca9e2d637047797d5ff316a646"
